
Microsoft Visual Studio Solution File, Format Version 11.00
# Visual Studio 2010
Project("{FAE04EC0-301F-11D3-BF4B-00C04F79EFBC}") = "bLogical.BizTalk.RESTBehavior", "bLogical.BizTalk.RESTBehavior\bLogical.BizTalk.RESTBehavior.csproj", "{95F7638E-B7AC-4D01-AC87-4A0B18EC63CD}"
EndProject
Project("{FAE04EC0-301F-11D3-BF4B-00C04F79EFBC}") = "bLogical.RESTSchemas", "bLogical.RESTSchemas\bLogical.RESTSchemas.btproj", "{06FB0471-17F1-4595-B734-C237047E3BD3}"
EndProject
Project("{2150E333-8FDC-42A3-9474-1A3956D46DE8}") = "Solution Items", "Solution Items", "{86E369CD-1D45-4FE9-8EB6-099A2D059913}"
	ProjectSection(SolutionItems) = preProject
		HEADERS.txt = HEADERS.txt
		bLogical.BizTalk.RESTBehavior\WCF-Custom.BindingsExtension.config = bLogical.BizTalk.RESTBehavior\WCF-Custom.BindingsExtension.config
	EndProjectSection
EndProject
Project("{FAE04EC0-301F-11D3-BF4B-00C04F79EFBC}") = "RESTDEMO", "RESTDEMO\RESTDEMO.btproj", "{EDE90034-7C7A-41BE-B6D7-AA0C483D0CCC}"
EndProject
Project("{FAE04EC0-301F-11D3-BF4B-00C04F79EFBC}") = "ExternalSampleApplication", "ExternalSampleApplication\ExternalSampleApplication.csproj", "{0396AE06-40DA-4F86-AC69-9B6A2A1A9C85}"
EndProject
Global
	GlobalSection(TeamFoundationVersionControl) = preSolution
		SccNumberOfProjects = 5
		SccEnterpriseProvider = {4CA58AB2-18FA-4F8D-95D4-32DDF27D184C}
		SccTeamFoundationServer = https://tfs.codeplex.com/tfs/tfs06
		SccLocalPath0 = .
		SccProjectUniqueName1 = bLogical.BizTalk.RESTBehavior\\bLogical.BizTalk.RESTBehavior.csproj
		SccProjectName1 = bLogical.BizTalk.RESTBehavior
		SccLocalPath1 = bLogical.BizTalk.RESTBehavior
		SccProjectUniqueName2 = bLogical.RESTSchemas\\bLogical.RESTSchemas.btproj
		SccProjectName2 = bLogical.RESTSchemas
		SccLocalPath2 = bLogical.RESTSchemas
		SccProjectUniqueName3 = RESTDEMO\\RESTDEMO.btproj
		SccProjectName3 = RESTDEMO
		SccLocalPath3 = RESTDEMO
		SccProjectUniqueName4 = ExternalSampleApplication\\ExternalSampleApplication.csproj
		SccProjectName4 = ExternalSampleApplication
		SccLocalPath4 = ExternalSampleApplication
	EndGlobalSection
	GlobalSection(SolutionConfigurationPlatforms) = preSolution
		Debug|Any CPU = Debug|Any CPU
		Release|Any CPU = Release|Any CPU
	EndGlobalSection
	GlobalSection(ProjectConfigurationPlatforms) = postSolution
		{95F7638E-B7AC-4D01-AC87-4A0B18EC63CD}.Debug|Any CPU.ActiveCfg = Debug|Any CPU
		{95F7638E-B7AC-4D01-AC87-4A0B18EC63CD}.Debug|Any CPU.Build.0 = Debug|Any CPU
		{95F7638E-B7AC-4D01-AC87-4A0B18EC63CD}.Release|Any CPU.ActiveCfg = Release|Any CPU
		{95F7638E-B7AC-4D01-AC87-4A0B18EC63CD}.Release|Any CPU.Build.0 = Release|Any CPU
		{06FB0471-17F1-4595-B734-C237047E3BD3}.Debug|Any CPU.ActiveCfg = Debug|Any CPU
		{06FB0471-17F1-4595-B734-C237047E3BD3}.Debug|Any CPU.Build.0 = Debug|Any CPU
		{06FB0471-17F1-4595-B734-C237047E3BD3}.Release|Any CPU.ActiveCfg = Release|Any CPU
		{06FB0471-17F1-4595-B734-C237047E3BD3}.Release|Any CPU.Build.0 = Release|Any CPU
		{06FB0471-17F1-4595-B734-C237047E3BD3}.Release|Any CPU.Deploy.0 = Release|Any CPU
		{EDE90034-7C7A-41BE-B6D7-AA0C483D0CCC}.Debug|Any CPU.ActiveCfg = Debug|Any CPU
		{EDE90034-7C7A-41BE-B6D7-AA0C483D0CCC}.Debug|Any CPU.Build.0 = Debug|Any CPU
		{EDE90034-7C7A-41BE-B6D7-AA0C483D0CCC}.Debug|Any CPU.Deploy.0 = Debug|Any CPU
		{EDE90034-7C7A-41BE-B6D7-AA0C483D0CCC}.Release|Any CPU.ActiveCfg = Release|Any CPU
		{EDE90034-7C7A-41BE-B6D7-AA0C483D0CCC}.Release|Any CPU.Build.0 = Release|Any CPU
		{EDE90034-7C7A-41BE-B6D7-AA0C483D0CCC}.Release|Any CPU.Deploy.0 = Release|Any CPU
		{0396AE06-40DA-4F86-AC69-9B6A2A1A9C85}.Debug|Any CPU.ActiveCfg = Debug|Any CPU
		{0396AE06-40DA-4F86-AC69-9B6A2A1A9C85}.Debug|Any CPU.Build.0 = Debug|Any CPU
		{0396AE06-40DA-4F86-AC69-9B6A2A1A9C85}.Release|Any CPU.ActiveCfg = Release|Any CPU
		{0396AE06-40DA-4F86-AC69-9B6A2A1A9C85}.Release|Any CPU.Build.0 = Release|Any CPU
	EndGlobalSection
	GlobalSection(SolutionProperties) = preSolution
		HideSolutionNode = FALSE
	EndGlobalSection
EndGlobal
